# This file is autogenerated, do not edit; changes may be undone by the next 'dep ensure'.


[[projects]]
  branch = "master"
  name = "github.com/bitrise-io/go-utils"
  packages = [
    "colorstring",
    "log"
  ]
  revision = "b33f6bcef9b50045d7e62364b354584afc3ee329"

[[projects]]
  branch = "master"
  name = "github.com/kdobmayer/input"
  packages = ["."]
  revision = "aea3e0bd186373d939c540dc000307e37bda151b"

[solve-meta]
  analyzer-name = "dep"
  analyzer-version = 1
  inputs-digest = "d7877203f482e0f4aacd0215dd7c5e69347f4f48e7d17d2a8a997606d5a1f48d"
  solver-name = "gps-cdcl"
  solver-version = 1
