# This file is autogenerated, do not edit; changes may be undone by the next 'dep ensure'.


[[projects]]
  branch = "master"
  name = "github.com/bitrise-io/go-utils"
  packages = [
    "colorstring",
    "log",
    "parseutil",
    "pointers"
  ]
  revision = "b33f6bcef9b50045d7e62364b354584afc3ee329"

[[projects]]
  branch = "master"
  name = "github.com/bitrise-tools/go-steputils"
  packages = ["stepconf"]
  revision = "b0e1079aa921440413a5c56f301246fe8367c072"

[solve-meta]
  analyzer-name = "dep"
  analyzer-version = 1
  inputs-digest = "45b249ba492b8ebea529639f447b9d67f05f0a3c89800a4b61288d1bfe8188b1"
  solver-name = "gps-cdcl"
  solver-version = 1
